{
  "name": "Rituals",
  "lockfileVersion": 3,
  "requires": true,
  "packages": {
    "": {
      "dependencies": {
        "bootstrap": "^5.3.3",
        "bootstrap-icons": "^1.11.3",
        "jquery-clock-timepicker": "^2.6.5",
        "timepicker-ui": "^2.6.1",
        "timepicker.js": "^4.1.0"
      }
    },
    "node_modules/@popperjs/core": {
      "version": "2.11.8",
      "resolved": "https://registry.npmjs.org/@popperjs/core/-/core-2.11.8.tgz",
      "integrity": "sha512-P1st0aksCrn9sGZhp8GMYwBnQsbvAWsZAX44oXNNvLHGqAOcoVxmjZiohstwQ7SqKnbR47akdNi+uleWD8+g6A==",
      "peer": true,
      "funding": {
        "type": "opencollective",
        "url": "https://opencollective.com/popperjs"
      }
    },
    "node_modules/bootstrap": {
      "version": "5.3.3",
      "resolved": "https://registry.npmjs.org/bootstrap/-/bootstrap-5.3.3.tgz",
      "integrity": "sha512-8HLCdWgyoMguSO9o+aH+iuZ+aht+mzW0u3HIMzVu7Srrpv7EBBxTnrFlSCskwdY1+EOFQSm7uMJhNQHkdPcmjg==",
      "funding": [
        {
          "type": "github",
          "url": "https://github.com/sponsors/twbs"
        },
        {
          "type": "opencollective",
          "url": "https://opencollective.com/bootstrap"
        }
      ],
      "peerDependencies": {
        "@popperjs/core": "^2.11.8"
      }
    },
    "node_modules/bootstrap-icons": {
      "version": "1.11.3",
      "resolved": "https://registry.npmjs.org/bootstrap-icons/-/bootstrap-icons-1.11.3.tgz",
      "integrity": "sha512-+3lpHrCw/it2/7lBL15VR0HEumaBss0+f/Lb6ZvHISn1mlK83jjFpooTLsMWbIjJMDjDjOExMsTxnXSIT4k4ww==",
      "funding": [
        {
          "type": "github",
          "url": "https://github.com/sponsors/twbs"
        },
        {
          "type": "opencollective",
          "url": "https://opencollective.com/bootstrap"
        }
      ]
    },
    "node_modules/jquery": {
      "version": "3.5.1",
      "resolved": "https://registry.npmjs.org/jquery/-/jquery-3.5.1.tgz",
      "integrity": "sha512-XwIBPqcMn57FxfT+Go5pzySnm4KWkT1Tv7gjrpT1srtf8Weynl6R273VJ5GjkRb51IzMp5nbaPjJXMWeju2MKg=="
    },
    "node_modules/jquery-clock-timepicker": {
      "version": "2.6.5",
      "resolved": "https://registry.npmjs.org/jquery-clock-timepicker/-/jquery-clock-timepicker-2.6.5.tgz",
      "integrity": "sha512-0f+jMTIZBgv9GyKbPPdJtxFzZ+k2PuneFkxXkVjNfkXCKyTk1nt71IGJmiO44f7/bKMbmvXljeFxJ6bx2vWeDQ==",
      "dependencies": {
        "jquery": "~>3.5.0"
      }
    },
    "node_modules/mitt": {
      "version": "3.0.1",
      "resolved": "https://registry.npmjs.org/mitt/-/mitt-3.0.1.tgz",
      "integrity": "sha512-vKivATfr97l2/QBCYAkXYDbrIWPM2IIKEl7YPhjCvKlG3kE2gm+uBo6nEXK3M5/Ffh/FLpKExzOQ3JJoJGFKBw=="
    },
    "node_modules/timepicker-ui": {
      "version": "2.6.1",
      "resolved": "https://registry.npmjs.org/timepicker-ui/-/timepicker-ui-2.6.1.tgz",
      "integrity": "sha512-T199nYp0uyNpKTn37+1DGfgROfsdZYKg3rE6mRmQU095nKDRL0ZSz87/XoT64s6Lic2q1MwGv93jQGFFo8uLlA=="
    },
    "node_modules/timepicker.js": {
      "version": "4.1.0",
      "resolved": "https://registry.npmjs.org/timepicker.js/-/timepicker.js-4.1.0.tgz",
      "integrity": "sha512-LFVdPKl/Rbf/hV7MIF557nFg3mH8Fdd9lUlo/crvZ4KdWkywc2s+TrZwwIuh9o1a+3p2WkoT6KP8gLyILPO+3Q==",
      "dependencies": {
        "mitt": "^3.0.1"
      },
      "engines": {
        "node": "^16 || ^18 || ^20",
        "npm": ">=8"
      }
    }
  }
}
